// !$*UTF8*$!
{
	archiveVersion = 1;
	classes = {
	};
	objectVersion = 55;
	objects = {

/* Begin PBXBuildFile section */
		3D30FB9928BCA7E500CD55F3 /* AppDelegate.swift in Sources */ = {isa = PBXBuildFile; fileRef = 3D30FB9828BCA7E500CD55F3 /* AppDelegate.swift */; };
		3D30FB9B28BCA7E500CD55F3 /* SceneDelegate.swift in Sources */ = {isa = PBXBuildFile; fileRef = 3D30FB9A28BCA7E500CD55F3 /* SceneDelegate.swift */; };
		3D30FB9D28BCA7E500CD55F3 /* ViewController.swift in Sources */ = {isa = PBXBuildFile; fileRef = 3D30FB9C28BCA7E500CD55F3 /* ViewController.swift */; };
		3D30FBA028BCA7E500CD55F3 /* Main.storyboard in Resources */ = {isa = PBXBuildFile; fileRef = 3D30FB9E28BCA7E500CD55F3 /* Main.storyboard */; };
		3D30FBA228BCA7E600CD55F3 /* Assets.xcassets in Resources */ = {isa = PBXBuildFile; fileRef = 3D30FBA128BCA7E600CD55F3 /* Assets.xcassets */; };
		3D30FBA528BCA7E600CD55F3 /* LaunchScreen.storyboard in Resources */ = {isa = PBXBuildFile; fileRef = 3D30FBA328BCA7E600CD55F3 /* LaunchScreen.storyboard */; };
		3D30FBB028BCA7E600CD55F3 /* SymbolRollerTests.swift in Sources */ = {isa = PBXBuildFile; fileRef = 3D30FBAF28BCA7E600CD55F3 /* SymbolRollerTests.swift */; };
		3D30FBBA28BCA7E600CD55F3 /* SymbolRollerUITests.swift in Sources */ = {isa = PBXBuildFile; fileRef = 3D30FBB928BCA7E600CD55F3 /* SymbolRollerUITests.swift */; };
		3D30FBBC28BCA7E600CD55F3 /* SymbolRollerUITestsLaunchTests.swift in Sources */ = {isa = PBXBuildFile; fileRef = 3D30FBBB28BCA7E600CD55F3 /* SymbolRollerUITestsLaunchTests.swift */; };
/* End PBXBuildFile section */

/* Begin PBXContainerItemProxy section */
		3D30FBAC28BCA7E600CD55F3 /* PBXContainerItemProxy */ = {
			isa = PBXContainerItemProxy;
			containerPortal = 3D30FB8D28BCA7E500CD55F3 /* Project object */;
			proxyType = 1;
			remoteGlobalIDString = 3D30FB9428BCA7E500CD55F3;
			remoteInfo = SymbolRoller;
		};
		3D30FBB628BCA7E600CD55F3 /* PBXContainerItemProxy */ = {
			isa = PBXContainerItemProxy;
			containerPortal = 3D30FB8D28BCA7E500CD55F3 /* Project object */;
			proxyType = 1;
			remoteGlobalIDString = 3D30FB9428BCA7E500CD55F3;
			remoteInfo = SymbolRoller;
		};
/* End PBXContainerItemProxy section */

/* Begin PBXFileReference section */
		3D30FB9528BCA7E500CD55F3 /* SymbolRoller.app */ = {isa = PBXFileReference; explicitFileType = wrapper.application; includeInIndex = 0; path = SymbolRoller.app; sourceTree = BUILT_PRODUCTS_DIR; };
		3D30FB9828BCA7E500CD55F3 /* AppDelegate.swift */ = {isa = PBXFileReference; lastKnownFileType = sourcecode.swift; path = AppDelegate.swift; sourceTree = "<group>"; };
		3D30FB9A28BCA7E500CD55F3 /* SceneDelegate.swift */ = {isa = PBXFileReference; lastKnownFileType = sourcecode.swift; path = SceneDelegate.swift; sourceTree = "<group>"; };
		3D30FB9C28BCA7E500CD55F3 /* ViewController.swift */ = {isa = PBXFileReference; lastKnownFileType = sourcecode.swift; path = ViewController.swift; sourceTree = "<group>"; };
		3D30FB9F28BCA7E500CD55F3 /* Base */ = {isa = PBXFileReference; lastKnownFileType = file.storyboard; name = Base; path = Base.lproj/Main.storyboard; sourceTree = "<group>"; };
		3D30FBA128BCA7E600CD55F3 /* Assets.xcassets */ = {isa = PBXFileReference; lastKnownFileType = folder.assetcatalog; path = Assets.xcassets; sourceTree = "<group>"; };
		3D30FBA428BCA7E600CD55F3 /* Base */ = {isa = PBXFileReference; lastKnownFileType = file.storyboard; name = Base; path = Base.lproj/LaunchScreen.storyboard; sourceTree = "<group>"; };
		3D30FBA628BCA7E600CD55F3 /* Info.plist */ = {isa = PBXFileReference; lastKnownFileType = text.plist.xml; path = Info.plist; sourceTree = "<group>"; };
		3D30FBAB28BCA7E600CD55F3 /* SymbolRollerTests.xctest */ = {isa = PBXFileReference; explicitFileType = wrapper.cfbundle; includeInIndex = 0; path = SymbolRollerTests.xctest; sourceTree = BUILT_PRODUCTS_DIR; };
		3D30FBAF28BCA7E600CD55F3 /* SymbolRollerTests.swift */ = {isa = PBXFileReference; lastKnownFileType = sourcecode.swift; path = SymbolRollerTests.swift; sourceTree = "<group>"; };
		3D30FBB528BCA7E600CD55F3 /* SymbolRollerUITests.xctest */ = {isa = PBXFileReference; explicitFileType = wrapper.cfbundle; includeInIndex = 0; path = SymbolRollerUITests.xctest; sourceTree = BUILT_PRODUCTS_DIR; };
		3D30FBB928BCA7E600CD55F3 /* SymbolRollerUITests.swift */ = {isa = PBXFileReference; lastKnownFileType = sourcecode.swift; path = SymbolRollerUITests.swift; sourceTree = "<group>"; };
		3D30FBBB28BCA7E600CD55F3 /* SymbolRollerUITestsLaunchTests.swift */ = {isa = PBXFileReference; lastKnownFileType = sourcecode.swift; path = SymbolRollerUITestsLaunchTests.swift; sourceTree = "<group>"; };
/* End PBXFileReference section */

/* Begin PBXFrameworksBuildPhase section */
		3D30FB9228BCA7E500CD55F3 /* Frameworks */ = {
			isa = PBXFrameworksBuildPhase;
			buildActionMask = 2147483647;
			files = (
			);
			runOnlyForDeploymentPostprocessing = 0;
		};
		3D30FBA828BCA7E600CD55F3 /* Frameworks */ = {
			isa = PBXFrameworksBuildPhase;
			buildActionMask = 2147483647;
			files = (
			);
			runOnlyForDeploymentPostprocessing = 0;
		};
		3D30FBB228BCA7E600CD55F3 /* Frameworks */ = {
			isa = PBXFrameworksBuildPhase;
			buildActionMask = 2147483647;
			files = (
			);
			runOnlyForDeploymentPostprocessing = 0;
		};
/* End PBXFrameworksBuildPhase section */

/* Begin PBXGroup section */
		3D30FB8C28BCA7E500CD55F3 = {
			isa = PBXGroup;
			children = (
				3D30FB9728BCA7E500CD55F3 /* SymbolRoller */,
				3D30FBAE28BCA7E600CD55F3 /* SymbolRollerTests */,
				3D30FBB828BCA7E600CD55F3 /* SymbolRollerUITests */,
				3D30FB9628BCA7E500CD55F3 /* Products */,
			);
			sourceTree = "<group>";
		};
		3D30FB9628BCA7E500CD55F3 /* Products */ = {
			isa = PBXGroup;
			children = (
				3D30FB9528BCA7E500CD55F3 /* SymbolRoller.app */,
				3D30FBAB28BCA7E600CD55F3 /* SymbolRollerTests.xctest */,
				3D30FBB528BCA7E600CD55F3 /* SymbolRollerUITests.xctest */,
			);
			name = Products;
			sourceTree = "<group>";
		};
		3D30FB9728BCA7E500CD55F3 /* SymbolRoller */ = {
			isa = PBXGroup;
			children = (
				3D30FB9828BCA7E500CD55F3 /* AppDelegate.swift */,
				3D30FB9A28BCA7E500CD55F3 /* SceneDelegate.swift */,
				3D30FB9C28BCA7E500CD55F3 /* ViewController.swift */,
				3D30FB9E28BCA7E500CD55F3 /* Main.storyboard */,
				3D30FBA128BCA7E600CD55F3 /* Assets.xcassets */,
				3D30FBA328BCA7E600CD55F3 /* LaunchScreen.storyboard */,
				3D30FBA628BCA7E600CD55F3 /* Info.plist */,
			);
			path = SymbolRoller;
			sourceTree = "<group>";
		};
		3D30FBAE28BCA7E600CD55F3 /* SymbolRollerTests */ = {
			isa = PBXGroup;
			children = (
				3D30FBAF28BCA7E600CD55F3 /* SymbolRollerTests.swift */,
			);
			path = SymbolRollerTests;
			sourceTree = "<group>";
		};
		3D30FBB828BCA7E600CD55F3 /* SymbolRollerUITests */ = {
			isa = PBXGroup;
			children = (
				3D30FBB928BCA7E600CD55F3 /* SymbolRollerUITests.swift */,
				3D30FBBB28BCA7E600CD55F3 /* SymbolRollerUITestsLaunchTests.swift */,
			);
			path = SymbolRollerUITests;
			sourceTree = "<group>";
		};
/* End PBXGroup section */

/* Begin PBXNativeTarget section */
		3D30FB9428BCA7E500CD55F3 /* SymbolRoller */ = {
			isa = PBXNativeTarget;
			buildConfigurationList = 3D30FBBF28BCA7E600CD55F3 /* Build configuration list for PBXNativeTarget "SymbolRoller" */;
			buildPhases = (
				3D30FB9128BCA7E500CD55F3 /* Sources */,
				3D30FB9228BCA7E500CD55F3 /* Frameworks */,
				3D30FB9328BCA7E500CD55F3 /* Resources */,
			);
			buildRules = (
			);
			dependencies = (
			);
			name = SymbolRoller;
			productName = SymbolRoller;
			productReference = 3D30FB9528BCA7E500CD55F3 /* SymbolRoller.app */;
			productType = "com.apple.product-type.application";
		};
		3D30FBAA28BCA7E600CD55F3 /* SymbolRollerTests */ = {
			isa = PBXNativeTarget;
			buildConfigurationList = 3D30FBC228BCA7E600CD55F3 /* Build configuration list for PBXNativeTarget "SymbolRollerTests" */;
			buildPhases = (
				3D30FBA728BCA7E600CD55F3 /* Sources */,
				3D30FBA828BCA7E600CD55F3 /* Frameworks */,
				3D30FBA928BCA7E600CD55F3 /* Resources */,
			);
			buildRules = (
			);
			dependencies = (
				3D30FBAD28BCA7E600CD55F3 /* PBXTargetDependency */,
			);
			name = SymbolRollerTests;
			productName = SymbolRollerTests;
			productReference = 3D30FBAB28BCA7E600CD55F3 /* SymbolRollerTests.xctest */;
			productType = "com.apple.product-type.bundle.unit-test";
		};
		3D30FBB428BCA7E600CD55F3 /* SymbolRollerUITests */ = {
			isa = PBXNativeTarget;
			buildConfigurationList = 3D30FBC528BCA7E600CD55F3 /* Build configuration list for PBXNativeTarget "SymbolRollerUITests" */;
			buildPhases = (
				3D30FBB128BCA7E600CD55F3 /* Sources */,
				3D30FBB228BCA7E600CD55F3 /* Frameworks */,
				3D30FBB328BCA7E600CD55F3 /* Resources */,
			);
			buildRules = (
			);
			dependencies = (
				3D30FBB728BCA7E600CD55F3 /* PBXTargetDependency */,
			);
			name = SymbolRollerUITests;
			productName = SymbolRollerUITests;
			productReference = 3D30FBB528BCA7E600CD55F3 /* SymbolRollerUITests.xctest */;
			productType = "com.apple.product-type.bundle.ui-testing";
		};
/* End PBXNativeTarget section */

/* Begin PBXProject section */
		3D30FB8D28BCA7E500CD55F3 /* Project object */ = {
			isa = PBXProject;
			attributes = {
				BuildIndependentTargetsInParallel = 1;
				LastSwiftUpdateCheck = 1340;
				LastUpgradeCheck = 1340;
				TargetAttributes = {
					3D30FB9428BCA7E500CD55F3 = {
						CreatedOnToolsVersion = 13.4.1;
					};
					3D30FBAA28BCA7E600CD55F3 = {
						CreatedOnToolsVersion = 13.4.1;
						TestTargetID = 3D30FB9428BCA7E500CD55F3;
					};
					3D30FBB428BCA7E600CD55F3 = {
						CreatedOnToolsVersion = 13.4.1;
						TestTargetID = 3D30FB9428BCA7E500CD55F3;
					};
				};
			};
			buildConfigurationList = 3D30FB9028BCA7E500CD55F3 /* Build configuration list for PBXProject "SymbolRoller" */;
			compatibilityVersion = "Xcode 13.0";
			developmentRegion = en;
			hasScannedForEncodings = 0;
			knownRegions = (
				en,
				Base,
			);
			mainGroup = 3D30FB8C28BCA7E500CD55F3;
			productRefGroup = 3D30FB9628BCA7E500CD55F3 /* Products */;
			projectDirPath = "";
			projectRoot = "";
			targets = (
				3D30FB9428BCA7E500CD55F3 /* SymbolRoller */,
				3D30FBAA28BCA7E600CD55F3 /* SymbolRollerTests */,
				3D30FBB428BCA7E600CD55F3 /* SymbolRollerUITests */,
			);
		};
/* End PBXProject section */

/* Begin PBXResourcesBuildPhase section */
		3D30FB9328BCA7E500CD55F3 /* Resources */ = {
			isa = PBXResourcesBuildPhase;
			buildActionMask = 2147483647;
			files = (
				3D30FBA528BCA7E600CD55F3 /* LaunchScreen.storyboard in Resources */,
				3D30FBA228BCA7E600CD55F3 /* Assets.xcassets in Resources */,
				3D30FBA028BCA7E500CD55F3 /* Main.storyboard in Resources */,
			);
			runOnlyForDeploymentPostprocessing = 0;
		};
		3D30FBA928BCA7E600CD55F3 /* Resources */ = {
			isa = PBXResourcesBuildPhase;
			buildActionMask = 2147483647;
			files = (
			);
			runOnlyForDeploymentPostprocessing = 0;
		};
		3D30FBB328BCA7E600CD55F3 /* Resources */ = {
			isa = PBXResourcesBuildPhase;
			buildActionMask = 2147483647;
			files = (
			);
			runOnlyForDeploymentPostprocessing = 0;
		};
/* End PBXResourcesBuildPhase section */

/* Begin PBXSourcesBuildPhase section */
		3D30FB9128BCA7E500CD55F3 /* Sources */ = {
			isa = PBXSourcesBuildPhase;
			buildActionMask = 2147483647;
			files = (
				3D30FB9D28BCA7E500CD55F3 /* ViewController.swift in Sources */,
				3D30FB9928BCA7E500CD55F3 /* AppDelegate.swift in Sources */,
				3D30FB9B28BCA7E500CD55F3 /* SceneDelegate.swift in Sources */,
			);
			runOnlyForDeploymentPostprocessing = 0;
		};
		3D30FBA728BCA7E600CD55F3 /* Sources */ = {
			isa = PBXSourcesBuildPhase;
			buildActionMask = 2147483647;
			files = (
				3D30FBB028BCA7E600CD55F3 /* SymbolRollerTests.swift in Sources */,
			);
			runOnlyForDeploymentPostprocessing = 0;
		};
		3D30FBB128BCA7E600CD55F3 /* Sources */ = {
			isa = PBXSourcesBuildPhase;
			buildActionMask = 2147483647;
			files = (
				3D30FBBC28BCA7E600CD55F3 /* SymbolRollerUITestsLaunchTests.swift in Sources */,
				3D30FBBA28BCA7E600CD55F3 /* SymbolRollerUITests.swift in Sources */,
			);
			runOnlyForDeploymentPostprocessing = 0;
		};
/* End PBXSourcesBuildPhase section */

/* Begin PBXTargetDependency section */
		3D30FBAD28BCA7E600CD55F3 /* PBXTargetDependency */ = {
			isa = PBXTargetDependency;
			target = 3D30FB9428BCA7E500CD55F3 /* SymbolRoller */;
			targetProxy = 3D30FBAC28BCA7E600CD55F3 /* PBXContainerItemProxy */;
		};
		3D30FBB728BCA7E600CD55F3 /* PBXTargetDependency */ = {
			isa = PBXTargetDependency;
			target = 3D30FB9428BCA7E500CD55F3 /* SymbolRoller */;
			targetProxy = 3D30FBB628BCA7E600CD55F3 /* PBXContainerItemProxy */;
		};
/* End PBXTargetDependency section */

/* Begin PBXVariantGroup section */
		3D30FB9E28BCA7E500CD55F3 /* Main.storyboard */ = {
			isa = PBXVariantGroup;
			children = (
				3D30FB9F28BCA7E500CD55F3 /* Base */,
			);
			name = Main.storyboard;
			sourceTree = "<group>";
		};
		3D30FBA328BCA7E600CD55F3 /* LaunchScreen.storyboard */ = {
			isa = PBXVariantGroup;
			children = (
				3D30FBA428BCA7E600CD55F3 /* Base */,
			);
			name = LaunchScreen.storyboard;
			sourceTree = "<group>";
		};
/* End PBXVariantGroup section */

/* Begin XCBuildConfiguration section */
		3D30FBBD28BCA7E600CD55F3 /* Debug */ = {
			isa = XCBuildConfiguration;
			buildSettings = {
				ALWAYS_SEARCH_USER_PATHS = NO;
				CLANG_ANALYZER_NONNULL = YES;
				CLANG_ANALYZER_NUMBER_OBJECT_CONVERSION = YES_AGGRESSIVE;
				CLANG_CXX_LANGUAGE_STANDARD = "gnu++17";
				CLANG_ENABLE_MODULES = YES;
				CLANG_ENABLE_OBJC_ARC = YES;
				CLANG_ENABLE_OBJC_WEAK = YES;
				CLANG_WARN_BLOCK_CAPTURE_AUTORELEASING = YES;
				CLANG_WARN_BOOL_CONVERSION = YES;
				CLANG_WARN_COMMA = YES;
				CLANG_WARN_CONSTANT_CONVERSION = YES;
				CLANG_WARN_DEPRECATED_OBJC_IMPLEMENTATIONS = YES;
				CLANG_WARN_DIRECT_OBJC_ISA_USAGE = YES_ERROR;
				CLANG_WARN_DOCUMENTATION_COMMENTS = YES;
				CLANG_WARN_EMPTY_BODY = YES;
				CLANG_WARN_ENUM_CONVERSION = YES;
				CLANG_WARN_INFINITE_RECURSION = YES;
				CLANG_WARN_INT_CONVERSION = YES;
				CLANG_WARN_NON_LITERAL_NULL_CONVERSION = YES;
				CLANG_WARN_OBJC_IMPLICIT_RETAIN_SELF = YES;
				CLANG_WARN_OBJC_LITERAL_CONVERSION = YES;
				CLANG_WARN_OBJC_ROOT_CLASS = YES_ERROR;
				CLANG_WARN_QUOTED_INCLUDE_IN_FRAMEWORK_HEADER = YES;
				CLANG_WARN_RANGE_LOOP_ANALYSIS = YES;
				CLANG_WARN_STRICT_PROTOTYPES = YES;
				CLANG_WARN_SUSPICIOUS_MOVE = YES;
				CLANG_WARN_UNGUARDED_AVAILABILITY = YES_AGGRESSIVE;
				CLANG_WARN_UNREACHABLE_CODE = YES;
				CLANG_WARN__DUPLICATE_METHOD_MATCH = YES;
				COPY_PHASE_STRIP = NO;
				DEBUG_INFORMATION_FORMAT = dwarf;
				ENABLE_STRICT_OBJC_MSGSEND = YES;
				ENABLE_TESTABILITY = YES;
				GCC_C_LANGUAGE_STANDARD = gnu11;
				GCC_DYNAMIC_NO_PIC = NO;
				GCC_NO_COMMON_BLOCKS = YES;
				GCC_OPTIMIZATION_LEVEL = 0;
				GCC_PREPROCESSOR_DEFINITIONS = (
					"DEBUG=1",
					"$(inherited)",
				);
				GCC_WARN_64_TO_32_BIT_CONVERSION = YES;
				GCC_WARN_ABOUT_RETURN_TYPE = YES_ERROR;
				GCC_WARN_UNDECLARED_SELECTOR = YES;
				GCC_WARN_UNINITIALIZED_AUTOS = YES_AGGRESSIVE;
				GCC_WARN_UNUSED_FUNCTION = YES;
				GCC_WARN_UNUSED_VARIABLE = YES;
				IPHONEOS_DEPLOYMENT_TARGET = 15.5;
				MTL_ENABLE_DEBUG_INFO = INCLUDE_SOURCE;
				MTL_FAST_MATH = YES;
				ONLY_ACTIVE_ARCH = YES;
				SDKROOT = iphoneos;
				SWIFT_ACTIVE_COMPILATION_CONDITIONS = DEBUG;
				SWIFT_OPTIMIZATION_LEVEL = "-Onone";
			};
			name = Debug;
		};
		3D30FBBE28BCA7E600CD55F3 /* Release */ = {
			isa = XCBuildConfiguration;
			buildSettings = {
				ALWAYS_SEARCH_USER_PATHS = NO;
				CLANG_ANALYZER_NONNULL = YES;
				CLANG_ANALYZER_NUMBER_OBJECT_CONVERSION = YES_AGGRESSIVE;
				CLANG_CXX_LANGUAGE_STANDARD = "gnu++17";
				CLANG_ENABLE_MODULES = YES;
				CLANG_ENABLE_OBJC_ARC = YES;
				CLANG_ENABLE_OBJC_WEAK = YES;
				CLANG_WARN_BLOCK_CAPTURE_AUTORELEASING = YES;
				CLANG_WARN_BOOL_CONVERSION = YES;
				CLANG_WARN_COMMA = YES;
				CLANG_WARN_CONSTANT_CONVERSION = YES;
				CLANG_WARN_DEPRECATED_OBJC_IMPLEMENTATIONS = YES;
				CLANG_WARN_DIRECT_OBJC_ISA_USAGE = YES_ERROR;
				CLANG_WARN_DOCUMENTATION_COMMENTS = YES;
				CLANG_WARN_EMPTY_BODY = YES;
				CLANG_WARN_ENUM_CONVERSION = YES;
				CLANG_WARN_INFINITE_RECURSION = YES;
				CLANG_WARN_INT_CONVERSION = YES;
				CLANG_WARN_NON_LITERAL_NULL_CONVERSION = YES;
				CLANG_WARN_OBJC_IMPLICIT_RETAIN_SELF = YES;
				CLANG_WARN_OBJC_LITERAL_CONVERSION = YES;
				CLANG_WARN_OBJC_ROOT_CLASS = YES_ERROR;
				CLANG_WARN_QUOTED_INCLUDE_IN_FRAMEWORK_HEADER = YES;
				CLANG_WARN_RANGE_LOOP_ANALYSIS = YES;
				CLANG_WARN_STRICT_PROTOTYPES = YES;
				CLANG_WARN_SUSPICIOUS_MOVE = YES;
				CLANG_WARN_UNGUARDED_AVAILABILITY = YES_AGGRESSIVE;
				CLANG_WARN_UNREACHABLE_CODE = YES;
				CLANG_WARN__DUPLICATE_METHOD_MATCH = YES;
				COPY_PHASE_STRIP = NO;
				DEBUG_INFORMATION_FORMAT = "dwarf-with-dsym";
				ENABLE_NS_ASSERTIONS = NO;
				ENABLE_STRICT_OBJC_MSGSEND = YES;
				GCC_C_LANGUAGE_STANDARD = gnu11;
				GCC_NO_COMMON_BLOCKS = YES;
				GCC_WARN_64_TO_32_BIT_CONVERSION = YES;
				GCC_WARN_ABOUT_RETURN_TYPE = YES_ERROR;
				GCC_WARN_UNDECLARED_SELECTOR = YES;
				GCC_WARN_UNINITIALIZED_AUTOS = YES_AGGRESSIVE;
				GCC_WARN_UNUSED_FUNCTION = YES;
				GCC_WARN_UNUSED_VARIABLE = YES;
				IPHONEOS_DEPLOYMENT_TARGET = 15.5;
				MTL_ENABLE_DEBUG_INFO = NO;
				MTL_FAST_MATH = YES;
				SDKROOT = iphoneos;
				SWIFT_COMPILATION_MODE = wholemodule;
				SWIFT_OPTIMIZATION_LEVEL = "-O";
				VALIDATE_PRODUCT = YES;
			};
			name = Release;
		};
		3D30FBC028BCA7E600CD55F3 /* Debug */ = {
			isa = XCBuildConfiguration;
			buildSettings = {
				ASSETCATALOG_COMPILER_APPICON_NAME = AppIcon;
				ASSETCATALOG_COMPILER_GLOBAL_ACCENT_COLOR_NAME = AccentColor;
				CODE_SIGN_STYLE = Automatic;
				CURRENT_PROJECT_VERSION = 1;
				GENERATE_INFOPLIST_FILE = YES;
				INFOPLIST_FILE = SymbolRoller/Info.plist;
				INFOPLIST_KEY_UIApplicationSupportsIndirectInputEvents = YES;
				INFOPLIST_KEY_UILaunchStoryboardName = LaunchScreen;
				INFOPLIST_KEY_UIMainStoryboardFile = Main;
				INFOPLIST_KEY_UISupportedInterfaceOrientations_iPad = "UIInterfaceOrientationPortrait UIInterfaceOrientationPortraitUpsideDown UIInterfaceOrientationLandscapeLeft UIInterfaceOrientationLandscapeRight";
				INFOPLIST_KEY_UISupportedInterfaceOrientations_iPhone = "UIInterfaceOrientationPortrait UIInterfaceOrientationLandscapeLeft UIInterfaceOrientationLandscapeRight";
				LD_RUNPATH_SEARCH_PATHS = (
					"$(inherited)",
					"@executable_path/Frameworks",
				);
				MARKETING_VERSION = 1.0;
				PRODUCT_BUNDLE_IDENTIFIER = kr.meng.4045.SymbolRoller;
				PRODUCT_NAME = "$(TARGET_NAME)";
				SWIFT_EMIT_LOC_STRINGS = YES;
				SWIFT_VERSION = 5.0;
				TARGETED_DEVICE_FAMILY = "1,2";
			};
			name = Debug;
		};
		3D30FBC128BCA7E600CD55F3 /* Release */ = {
			isa = XCBuildConfiguration;
			buildSettings = {
				ASSETCATALOG_COMPILER_APPICON_NAME = AppIcon;
				ASSETCATALOG_COMPILER_GLOBAL_ACCENT_COLOR_NAME = AccentColor;
				CODE_SIGN_STYLE = Automatic;
				CURRENT_PROJECT_VERSION = 1;
				GENERATE_INFOPLIST_FILE = YES;
				INFOPLIST_FILE = SymbolRoller/Info.plist;
				INFOPLIST_KEY_UIApplicationSupportsIndirectInputEvents = YES;
				INFOPLIST_KEY_UILaunchStoryboardName = LaunchScreen;
				INFOPLIST_KEY_UIMainStoryboardFile = Main;
				INFOPLIST_KEY_UISupportedInterfaceOrientations_iPad = "UIInterfaceOrientationPortrait UIInterfaceOrientationPortraitUpsideDown UIInterfaceOrientationLandscapeLeft UIInterfaceOrientationLandscapeRight";
				INFOPLIST_KEY_UISupportedInterfaceOrientations_iPhone = "UIInterfaceOrientationPortrait UIInterfaceOrientationLandscapeLeft UIInterfaceOrientationLandscapeRight";
				LD_RUNPATH_SEARCH_PATHS = (
					"$(inherited)",
					"@executable_path/Frameworks",
				);
				MARKETING_VERSION = 1.0;
				PRODUCT_BUNDLE_IDENTIFIER = kr.meng.4045.SymbolRoller;
				PRODUCT_NAME = "$(TARGET_NAME)";
				SWIFT_EMIT_LOC_STRINGS = YES;
				SWIFT_VERSION = 5.0;
				TARGETED_DEVICE_FAMILY = "1,2";
			};
			name = Release;
		};
		3D30FBC328BCA7E600CD55F3 /* Debug */ = {
			isa = XCBuildConfiguration;
			buildSettings = {
				ALWAYS_EMBED_SWIFT_STANDARD_LIBRARIES = YES;
				BUNDLE_LOADER = "$(TEST_HOST)";
				CODE_SIGN_STYLE = Automatic;
				CURRENT_PROJECT_VERSION = 1;
				GENERATE_INFOPLIST_FILE = YES;
				IPHONEOS_DEPLOYMENT_TARGET = 15.5;
				MARKETING_VERSION = 1.0;
				PRODUCT_BUNDLE_IDENTIFIER = kr.meng.4045.SymbolRollerTests;
				PRODUCT_NAME = "$(TARGET_NAME)";
				SWIFT_EMIT_LOC_STRINGS = NO;
				SWIFT_VERSION = 5.0;
				TARGETED_DEVICE_FAMILY = "1,2";
				TEST_HOST = "$(BUILT_PRODUCTS_DIR)/SymbolRoller.app/SymbolRoller";
			};
			name = Debug;
		};
		3D30FBC428BCA7E600CD55F3 /* Release */ = {
			isa = XCBuildConfiguration;
			buildSettings = {
				ALWAYS_EMBED_SWIFT_STANDARD_LIBRARIES = YES;
				BUNDLE_LOADER = "$(TEST_HOST)";
				CODE_SIGN_STYLE = Automatic;
				CURRENT_PROJECT_VERSION = 1;
				GENERATE_INFOPLIST_FILE = YES;
				IPHONEOS_DEPLOYMENT_TARGET = 15.5;
				MARKETING_VERSION = 1.0;
				PRODUCT_BUNDLE_IDENTIFIER = kr.meng.4045.SymbolRollerTests;
				PRODUCT_NAME = "$(TARGET_NAME)";
				SWIFT_EMIT_LOC_STRINGS = NO;
				SWIFT_VERSION = 5.0;
				TARGETED_DEVICE_FAMILY = "1,2";
				TEST_HOST = "$(BUILT_PRODUCTS_DIR)/SymbolRoller.app/SymbolRoller";
			};
			name = Release;
		};
		3D30FBC628BCA7E600CD55F3 /* Debug */ = {
			isa = XCBuildConfiguration;
			buildSettings = {
				ALWAYS_EMBED_SWIFT_STANDARD_LIBRARIES = YES;
				CODE_SIGN_STYLE = Automatic;
				CURRENT_PROJECT_VERSION = 1;
				GENERATE_INFOPLIST_FILE = YES;
				MARKETING_VERSION = 1.0;
				PRODUCT_BUNDLE_IDENTIFIER = kr.meng.4045.SymbolRollerUITests;
				PRODUCT_NAME = "$(TARGET_NAME)";
				SWIFT_EMIT_LOC_STRINGS = NO;
				SWIFT_VERSION = 5.0;
				TARGETED_DEVICE_FAMILY = "1,2";
				TEST_TARGET_NAME = SymbolRoller;
			};
			name = Debug;
		};
		3D30FBC728BCA7E600CD55F3 /* Release */ = {
			isa = XCBuildConfiguration;
			buildSettings = {
				ALWAYS_EMBED_SWIFT_STANDARD_LIBRARIES = YES;
				CODE_SIGN_STYLE = Automatic;
				CURRENT_PROJECT_VERSION = 1;
				GENERATE_INFOPLIST_FILE = YES;
				MARKETING_VERSION = 1.0;
				PRODUCT_BUNDLE_IDENTIFIER = kr.meng.4045.SymbolRollerUITests;
				PRODUCT_NAME = "$(TARGET_NAME)";
				SWIFT_EMIT_LOC_STRINGS = NO;
				SWIFT_VERSION = 5.0;
				TARGETED_DEVICE_FAMILY = "1,2";
				TEST_TARGET_NAME = SymbolRoller;
			};
			name = Release;
		};
/* End XCBuildConfiguration section */

/* Begin XCConfigurationList section */
		3D30FB9028BCA7E500CD55F3 /* Build configuration list for PBXProject "SymbolRoller" */ = {
			isa = XCConfigurationList;
			buildConfigurations = (
				3D30FBBD28BCA7E600CD55F3 /* Debug */,
				3D30FBBE28BCA7E600CD55F3 /* Release */,
			);
			defaultConfigurationIsVisible = 0;
			defaultConfigurationName = Release;
		};
		3D30FBBF28BCA7E600CD55F3 /* Build configuration list for PBXNativeTarget "SymbolRoller" */ = {
			isa = XCConfigurationList;
			buildConfigurations = (
				3D30FBC028BCA7E600CD55F3 /* Debug */,
				3D30FBC128BCA7E600CD55F3 /* Release */,
			);
			defaultConfigurationIsVisible = 0;
			defaultConfigurationName = Release;
		};
		3D30FBC228BCA7E600CD55F3 /* Build configuration list for PBXNativeTarget "SymbolRollerTests" */ = {
			isa = XCConfigurationList;
			buildConfigurations = (
				3D30FBC328BCA7E600CD55F3 /* Debug */,
				3D30FBC428BCA7E600CD55F3 /* Release */,
			);
			defaultConfigurationIsVisible = 0;
			defaultConfigurationName = Release;
		};
		3D30FBC528BCA7E600CD55F3 /* Build configuration list for PBXNativeTarget "SymbolRollerUITests" */ = {
			isa = XCConfigurationList;
			buildConfigurations = (
				3D30FBC628BCA7E600CD55F3 /* Debug */,
				3D30FBC728BCA7E600CD55F3 /* Release */,
			);
			defaultConfigurationIsVisible = 0;
			defaultConfigurationName = Release;
		};
/* End XCConfigurationList section */
	};
	rootObject = 3D30FB8D28BCA7E500CD55F3 /* Project object */;
}
